Microsoft Visual Studio Solution File, Format Version 11.00
# Visual Studio 2008

Project("{9B2495FC-E74B-FCD3-859E-1A7211BDBE87}") = "Unity5_Shaders", "Assembly-CSharp.csproj", "{982F17E8-8068-4332-B8BC-DEE0B2C66193}"
EndProject
Global
	GlobalSection(SolutionConfigurationPlatforms) = preSolution
		Debug|Any CPU = Debug|Any CPU
		Release|Any CPU = Release|Any CPU
	EndGlobalSection
	GlobalSection(ProjectConfigurationPlatforms) = postSolution
		{982F17E8-8068-4332-B8BC-DEE0B2C66193}.Debug|Any CPU.ActiveCfg = Debug|Any CPU
		{982F17E8-8068-4332-B8BC-DEE0B2C66193}.Debug|Any CPU.Build.0 = Debug|Any CPU
		{982F17E8-8068-4332-B8BC-DEE0B2C66193}.Release|Any CPU.ActiveCfg = Release|Any CPU
		{982F17E8-8068-4332-B8BC-DEE0B2C66193}.Release|Any CPU.Build.0 = Release|Any CPU
	EndGlobalSection
	GlobalSection(SolutionProperties) = preSolution
		HideSolutionNode = FALSE
	EndGlobalSection
	GlobalSection(MonoDevelopProperties) = preSolution
		StartupItem = Assembly-CSharp.csproj
	EndGlobalSection
EndGlobal
